// !$*UTF8*$!
{
	archiveVersion = 1;
	classes = {
	};
	objectVersion = 50;
	objects = {

/* Begin PBXBuildFile section */
		F0A4EDE125DB602B0071184F /* AddViewController.swift 08-15-12-877.swift in Sources */ = {isa = PBXBuildFile; fileRef = F0A4EDE025DB602B0071184F /* AddViewController.swift 08-15-12-877.swift */; };
		F0A4EDE425DB602F0071184F /* TableViewController.swift 08-15-07-148.swift in Sources */ = {isa = PBXBuildFile; fileRef = F0A4EDE325DB602F0071184F /* TableViewController.swift 08-15-07-148.swift */; };
		F0A4EDE725DB60340071184F /* DetailViewController.swift 08-15-29-691.swift in Sources */ = {isa = PBXBuildFile; fileRef = F0A4EDE625DB60340071184F /* DetailViewController.swift 08-15-29-691.swift */; };
		F0A4EDEC25DB604A0071184F /* workplace.png in Resources */ = {isa = PBXBuildFile; fileRef = F0A4EDE925DB604A0071184F /* workplace.png */; };
		F0A4EDED25DB604A0071184F /* house.png in Resources */ = {isa = PBXBuildFile; fileRef = F0A4EDEA25DB604A0071184F /* house.png */; };
		F0A4EDEE25DB604A0071184F /* calendar.png in Resources */ = {isa = PBXBuildFile; fileRef = F0A4EDEB25DB604A0071184F /* calendar.png */; };
		F0D2CFD225DB307000B49D81 /* AppDelegate.swift in Sources */ = {isa = PBXBuildFile; fileRef = F0D2CFD125DB307000B49D81 /* AppDelegate.swift */; };
		F0D2CFD425DB307000B49D81 /* SceneDelegate.swift in Sources */ = {isa = PBXBuildFile; fileRef = F0D2CFD325DB307000B49D81 /* SceneDelegate.swift */; };
		F0D2CFD925DB307000B49D81 /* Main.storyboard in Resources */ = {isa = PBXBuildFile; fileRef = F0D2CFD725DB307000B49D81 /* Main.storyboard */; };
		F0D2CFDB25DB307100B49D81 /* Assets.xcassets in Resources */ = {isa = PBXBuildFile; fileRef = F0D2CFDA25DB307100B49D81 /* Assets.xcassets */; };
		F0D2CFDE25DB307100B49D81 /* LaunchScreen.storyboard in Resources */ = {isa = PBXBuildFile; fileRef = F0D2CFDC25DB307100B49D81 /* LaunchScreen.storyboard */; };
/* End PBXBuildFile section */

/* Begin PBXFileReference section */
		F0A4EDE025DB602B0071184F /* AddViewController.swift 08-15-12-877.swift */ = {isa = PBXFileReference; fileEncoding = 4; lastKnownFileType = sourcecode.swift; path = "AddViewController.swift 08-15-12-877.swift"; sourceTree = "<group>"; };
		F0A4EDE325DB602F0071184F /* TableViewController.swift 08-15-07-148.swift */ = {isa = PBXFileReference; fileEncoding = 4; lastKnownFileType = sourcecode.swift; path = "TableViewController.swift 08-15-07-148.swift"; sourceTree = "<group>"; };
		F0A4EDE625DB60340071184F /* DetailViewController.swift 08-15-29-691.swift */ = {isa = PBXFileReference; fileEncoding = 4; lastKnownFileType = sourcecode.swift; path = "DetailViewController.swift 08-15-29-691.swift"; sourceTree = "<group>"; };
		F0A4EDE925DB604A0071184F /* workplace.png */ = {isa = PBXFileReference; lastKnownFileType = image.png; name = workplace.png; path = ../../../Desktop/image/workplace.png; sourceTree = "<group>"; };
		F0A4EDEA25DB604A0071184F /* house.png */ = {isa = PBXFileReference; lastKnownFileType = image.png; name = house.png; path = ../../../Desktop/image/house.png; sourceTree = "<group>"; };
		F0A4EDEB25DB604A0071184F /* calendar.png */ = {isa = PBXFileReference; lastKnownFileType = image.png; name = calendar.png; path = ../../../Desktop/image/calendar.png; sourceTree = "<group>"; };
		F0D2CFCE25DB307000B49D81 /* table.app */ = {isa = PBXFileReference; explicitFileType = wrapper.application; includeInIndex = 0; path = table.app; sourceTree = BUILT_PRODUCTS_DIR; };
		F0D2CFD125DB307000B49D81 /* AppDelegate.swift */ = {isa = PBXFileReference; lastKnownFileType = sourcecode.swift; path = AppDelegate.swift; sourceTree = "<group>"; };
		F0D2CFD325DB307000B49D81 /* SceneDelegate.swift */ = {isa = PBXFileReference; lastKnownFileType = sourcecode.swift; path = SceneDelegate.swift; sourceTree = "<group>"; };
		F0D2CFD825DB307000B49D81 /* Base */ = {isa = PBXFileReference; lastKnownFileType = file.storyboard; name = Base; path = Base.lproj/Main.storyboard; sourceTree = "<group>"; };
		F0D2CFDA25DB307100B49D81 /* Assets.xcassets */ = {isa = PBXFileReference; lastKnownFileType = folder.assetcatalog; path = Assets.xcassets; sourceTree = "<group>"; };
		F0D2CFDD25DB307100B49D81 /* Base */ = {isa = PBXFileReference; lastKnownFileType = file.storyboard; name = Base; path = Base.lproj/LaunchScreen.storyboard; sourceTree = "<group>"; };
		F0D2CFDF25DB307100B49D81 /* Info.plist */ = {isa = PBXFileReference; lastKnownFileType = text.plist.xml; path = Info.plist; sourceTree = "<group>"; };
/* End PBXFileReference section */

/* Begin PBXFrameworksBuildPhase section */
		F0D2CFCB25DB307000B49D81 /* Frameworks */ = {
			isa = PBXFrameworksBuildPhase;
			buildActionMask = 2147483647;
			files = (
			);
			runOnlyForDeploymentPostprocessing = 0;
		};
/* End PBXFrameworksBuildPhase section */

/* Begin PBXGroup section */
		F0D2CFC525DB307000B49D81 = {
			isa = PBXGroup;
			children = (
				F0D2CFD025DB307000B49D81 /* table */,
				F0D2CFCF25DB307000B49D81 /* Products */,
			);
			sourceTree = "<group>";
		};
		F0D2CFCF25DB307000B49D81 /* Products */ = {
			isa = PBXGroup;
			children = (
				F0D2CFCE25DB307000B49D81 /* table.app */,
			);
			name = Products;
			sourceTree = "<group>";
		};
		F0D2CFD025DB307000B49D81 /* table */ = {
			isa = PBXGroup;
			children = (
				F0D2CFD125DB307000B49D81 /* AppDelegate.swift */,
				F0A4EDEB25DB604A0071184F /* calendar.png */,
				F0A4EDEA25DB604A0071184F /* house.png */,
				F0A4EDE925DB604A0071184F /* workplace.png */,
				F0A4EDE325DB602F0071184F /* TableViewController.swift 08-15-07-148.swift */,
				F0D2CFD325DB307000B49D81 /* SceneDelegate.swift */,
				F0A4EDE625DB60340071184F /* DetailViewController.swift 08-15-29-691.swift */,
				F0A4EDE025DB602B0071184F /* AddViewController.swift 08-15-12-877.swift */,
				F0D2CFD725DB307000B49D81 /* Main.storyboard */,
				F0D2CFDA25DB307100B49D81 /* Assets.xcassets */,
				F0D2CFDC25DB307100B49D81 /* LaunchScreen.storyboard */,
				F0D2CFDF25DB307100B49D81 /* Info.plist */,
			);
			path = table;
			sourceTree = "<group>";
		};
/* End PBXGroup section */

/* Begin PBXNativeTarget section */
		F0D2CFCD25DB307000B49D81 /* table */ = {
			isa = PBXNativeTarget;
			buildConfigurationList = F0D2CFE225DB307100B49D81 /* Build configuration list for PBXNativeTarget "table" */;
			buildPhases = (
				F0D2CFCA25DB307000B49D81 /* Sources */,
				F0D2CFCB25DB307000B49D81 /* Frameworks */,
				F0D2CFCC25DB307000B49D81 /* Resources */,
			);
			buildRules = (
			);
			dependencies = (
			);
			name = table;
			productName = table;
			productReference = F0D2CFCE25DB307000B49D81 /* table.app */;
			productType = "com.apple.product-type.application";
		};
/* End PBXNativeTarget section */

/* Begin PBXProject section */
		F0D2CFC625DB307000B49D81 /* Project object */ = {
			isa = PBXProject;
			attributes = {
				LastSwiftUpdateCheck = 1240;
				LastUpgradeCheck = 1240;
				TargetAttributes = {
					F0D2CFCD25DB307000B49D81 = {
						CreatedOnToolsVersion = 12.4;
					};
				};
			};
			buildConfigurationList = F0D2CFC925DB307000B49D81 /* Build configuration list for PBXProject "table" */;
			compatibilityVersion = "Xcode 9.3";
			developmentRegion = en;
			hasScannedForEncodings = 0;
			knownRegions = (
				en,
				Base,
			);
			mainGroup = F0D2CFC525DB307000B49D81;
			productRefGroup = F0D2CFCF25DB307000B49D81 /* Products */;
			projectDirPath = "";
			projectRoot = "";
			targets = (
				F0D2CFCD25DB307000B49D81 /* table */,
			);
		};
/* End PBXProject section */

/* Begin PBXResourcesBuildPhase section */
		F0D2CFCC25DB307000B49D81 /* Resources */ = {
			isa = PBXResourcesBuildPhase;
			buildActionMask = 2147483647;
			files = (
				F0A4EDED25DB604A0071184F /* house.png in Resources */,
				F0D2CFDE25DB307100B49D81 /* LaunchScreen.storyboard in Resources */,
				F0A4EDEE25DB604A0071184F /* calendar.png in Resources */,
				F0A4EDEC25DB604A0071184F /* workplace.png in Resources */,
				F0D2CFDB25DB307100B49D81 /* Assets.xcassets in Resources */,
				F0D2CFD925DB307000B49D81 /* Main.storyboard in Resources */,
			);
			runOnlyForDeploymentPostprocessing = 0;
		};
/* End PBXResourcesBuildPhase section */

/* Begin PBXSourcesBuildPhase section */
		F0D2CFCA25DB307000B49D81 /* Sources */ = {
			isa = PBXSourcesBuildPhase;
			buildActionMask = 2147483647;
			files = (
				F0D2CFD225DB307000B49D81 /* AppDelegate.swift in Sources */,
				F0D2CFD425DB307000B49D81 /* SceneDelegate.swift in Sources */,
				F0A4EDE425DB602F0071184F /* TableViewController.swift 08-15-07-148.swift in Sources */,
				F0A4EDE725DB60340071184F /* DetailViewController.swift 08-15-29-691.swift in Sources */,
				F0A4EDE125DB602B0071184F /* AddViewController.swift 08-15-12-877.swift in Sources */,
			);
			runOnlyForDeploymentPostprocessing = 0;
		};
/* End PBXSourcesBuildPhase section */

/* Begin PBXVariantGroup section */
		F0D2CFD725DB307000B49D81 /* Main.storyboard */ = {
			isa = PBXVariantGroup;
			children = (
				F0D2CFD825DB307000B49D81 /* Base */,
			);
			name = Main.storyboard;
			sourceTree = "<group>";
		};
		F0D2CFDC25DB307100B49D81 /* LaunchScreen.storyboard */ = {
			isa = PBXVariantGroup;
			children = (
				F0D2CFDD25DB307100B49D81 /* Base */,
			);
			name = LaunchScreen.storyboard;
			sourceTree = "<group>";
		};
/* End PBXVariantGroup section */

/* Begin XCBuildConfiguration section */
		F0D2CFE025DB307100B49D81 /* Debug */ = {
			isa = XCBuildConfiguration;
			buildSettings = {
				ALWAYS_SEARCH_USER_PATHS = NO;
				CLANG_ANALYZER_NONNULL = YES;
				CLANG_ANALYZER_NUMBER_OBJECT_CONVERSION = YES_AGGRESSIVE;
				CLANG_CXX_LANGUAGE_STANDARD = "gnu++14";
				CLANG_CXX_LIBRARY = "libc++";
				CLANG_ENABLE_MODULES = YES;
				CLANG_ENABLE_OBJC_ARC = YES;
				CLANG_ENABLE_OBJC_WEAK = YES;
				CLANG_WARN_BLOCK_CAPTURE_AUTORELEASING = YES;
				CLANG_WARN_BOOL_CONVERSION = YES;
				CLANG_WARN_COMMA = YES;
				CLANG_WARN_CONSTANT_CONVERSION = YES;
				CLANG_WARN_DEPRECATED_OBJC_IMPLEMENTATIONS = YES;
				CLANG_WARN_DIRECT_OBJC_ISA_USAGE = YES_ERROR;
				CLANG_WARN_DOCUMENTATION_COMMENTS = YES;
				CLANG_WARN_EMPTY_BODY = YES;
				CLANG_WARN_ENUM_CONVERSION = YES;
				CLANG_WARN_INFINITE_RECURSION = YES;
				CLANG_WARN_INT_CONVERSION = YES;
				CLANG_WARN_NON_LITERAL_NULL_CONVERSION = YES;
				CLANG_WARN_OBJC_IMPLICIT_RETAIN_SELF = YES;
				CLANG_WARN_OBJC_LITERAL_CONVERSION = YES;
				CLANG_WARN_OBJC_ROOT_CLASS = YES_ERROR;
				CLANG_WARN_QUOTED_INCLUDE_IN_FRAMEWORK_HEADER = YES;
				CLANG_WARN_RANGE_LOOP_ANALYSIS = YES;
				CLANG_WARN_STRICT_PROTOTYPES = YES;
				CLANG_WARN_SUSPICIOUS_MOVE = YES;
				CLANG_WARN_UNGUARDED_AVAILABILITY = YES_AGGRESSIVE;
				CLANG_WARN_UNREACHABLE_CODE = YES;
				CLANG_WARN__DUPLICATE_METHOD_MATCH = YES;
				COPY_PHASE_STRIP = NO;
				DEBUG_INFORMATION_FORMAT = dwarf;
				ENABLE_STRICT_OBJC_MSGSEND = YES;
				ENABLE_TESTABILITY = YES;
				GCC_C_LANGUAGE_STANDARD = gnu11;
				GCC_DYNAMIC_NO_PIC = NO;
				GCC_NO_COMMON_BLOCKS = YES;
				GCC_OPTIMIZATION_LEVEL = 0;
				GCC_PREPROCESSOR_DEFINITIONS = (
					"DEBUG=1",
					"$(inherited)",
				);
				GCC_WARN_64_TO_32_BIT_CONVERSION = YES;
				GCC_WARN_ABOUT_RETURN_TYPE = YES_ERROR;
				GCC_WARN_UNDECLARED_SELECTOR = YES;
				GCC_WARN_UNINITIALIZED_AUTOS = YES_AGGRESSIVE;
				GCC_WARN_UNUSED_FUNCTION = YES;
				GCC_WARN_UNUSED_VARIABLE = YES;
				IPHONEOS_DEPLOYMENT_TARGET = 14.4;
				MTL_ENABLE_DEBUG_INFO = INCLUDE_SOURCE;
				MTL_FAST_MATH = YES;
				ONLY_ACTIVE_ARCH = YES;
				SDKROOT = iphoneos;
				SWIFT_ACTIVE_COMPILATION_CONDITIONS = DEBUG;
				SWIFT_OPTIMIZATION_LEVEL = "-Onone";
			};
			name = Debug;
		};
		F0D2CFE125DB307100B49D81 /* Release */ = {
			isa = XCBuildConfiguration;
			buildSettings = {
				ALWAYS_SEARCH_USER_PATHS = NO;
				CLANG_ANALYZER_NONNULL = YES;
				CLANG_ANALYZER_NUMBER_OBJECT_CONVERSION = YES_AGGRESSIVE;
				CLANG_CXX_LANGUAGE_STANDARD = "gnu++14";
				CLANG_CXX_LIBRARY = "libc++";
				CLANG_ENABLE_MODULES = YES;
				CLANG_ENABLE_OBJC_ARC = YES;
				CLANG_ENABLE_OBJC_WEAK = YES;
				CLANG_WARN_BLOCK_CAPTURE_AUTORELEASING = YES;
				CLANG_WARN_BOOL_CONVERSION = YES;
				CLANG_WARN_COMMA = YES;
				CLANG_WARN_CONSTANT_CONVERSION = YES;
				CLANG_WARN_DEPRECATED_OBJC_IMPLEMENTATIONS = YES;
				CLANG_WARN_DIRECT_OBJC_ISA_USAGE = YES_ERROR;
				CLANG_WARN_DOCUMENTATION_COMMENTS = YES;
				CLANG_WARN_EMPTY_BODY = YES;
				CLANG_WARN_ENUM_CONVERSION = YES;
				CLANG_WARN_INFINITE_RECURSION = YES;
				CLANG_WARN_INT_CONVERSION = YES;
				CLANG_WARN_NON_LITERAL_NULL_CONVERSION = YES;
				CLANG_WARN_OBJC_IMPLICIT_RETAIN_SELF = YES;
				CLANG_WARN_OBJC_LITERAL_CONVERSION = YES;
				CLANG_WARN_OBJC_ROOT_CLASS = YES_ERROR;
				CLANG_WARN_QUOTED_INCLUDE_IN_FRAMEWORK_HEADER = YES;
				CLANG_WARN_RANGE_LOOP_ANALYSIS = YES;
				CLANG_WARN_STRICT_PROTOTYPES = YES;
				CLANG_WARN_SUSPICIOUS_MOVE = YES;
				CLANG_WARN_UNGUARDED_AVAILABILITY = YES_AGGRESSIVE;
				CLANG_WARN_UNREACHABLE_CODE = YES;
				CLANG_WARN__DUPLICATE_METHOD_MATCH = YES;
				COPY_PHASE_STRIP = NO;
				DEBUG_INFORMATION_FORMAT = "dwarf-with-dsym";
				ENABLE_NS_ASSERTIONS = NO;
				ENABLE_STRICT_OBJC_MSGSEND = YES;
				GCC_C_LANGUAGE_STANDARD = gnu11;
				GCC_NO_COMMON_BLOCKS = YES;
				GCC_WARN_64_TO_32_BIT_CONVERSION = YES;
				GCC_WARN_ABOUT_RETURN_TYPE = YES_ERROR;
				GCC_WARN_UNDECLARED_SELECTOR = YES;
				GCC_WARN_UNINITIALIZED_AUTOS = YES_AGGRESSIVE;
				GCC_WARN_UNUSED_FUNCTION = YES;
				GCC_WARN_UNUSED_VARIABLE = YES;
				IPHONEOS_DEPLOYMENT_TARGET = 14.4;
				MTL_ENABLE_DEBUG_INFO = NO;
				MTL_FAST_MATH = YES;
				SDKROOT = iphoneos;
				SWIFT_COMPILATION_MODE = wholemodule;
				SWIFT_OPTIMIZATION_LEVEL = "-O";
				VALIDATE_PRODUCT = YES;
			};
			name = Release;
		};
		F0D2CFE325DB307100B49D81 /* Debug */ = {
			isa = XCBuildConfiguration;
			buildSettings = {
				ASSETCATALOG_COMPILER_APPICON_NAME = AppIcon;
				ASSETCATALOG_COMPILER_GLOBAL_ACCENT_COLOR_NAME = AccentColor;
				CODE_SIGN_STYLE = Automatic;
				DEVELOPMENT_TEAM = T4TNR43VN6;
				INFOPLIST_FILE = table/Info.plist;
				LD_RUNPATH_SEARCH_PATHS = (
					"$(inherited)",
					"@executable_path/Frameworks",
				);
				PRODUCT_BUNDLE_IDENTIFIER = yejin0928.table;
				PRODUCT_NAME = "$(TARGET_NAME)";
				SWIFT_VERSION = 5.0;
				TARGETED_DEVICE_FAMILY = "1,2";
			};
			name = Debug;
		};
		F0D2CFE425DB307100B49D81 /* Release */ = {
			isa = XCBuildConfiguration;
			buildSettings = {
				ASSETCATALOG_COMPILER_APPICON_NAME = AppIcon;
				ASSETCATALOG_COMPILER_GLOBAL_ACCENT_COLOR_NAME = AccentColor;
				CODE_SIGN_STYLE = Automatic;
				DEVELOPMENT_TEAM = T4TNR43VN6;
				INFOPLIST_FILE = table/Info.plist;
				LD_RUNPATH_SEARCH_PATHS = (
					"$(inherited)",
					"@executable_path/Frameworks",
				);
				PRODUCT_BUNDLE_IDENTIFIER = yejin0928.table;
				PRODUCT_NAME = "$(TARGET_NAME)";
				SWIFT_VERSION = 5.0;
				TARGETED_DEVICE_FAMILY = "1,2";
			};
			name = Release;
		};
/* End XCBuildConfiguration section */

/* Begin XCConfigurationList section */
		F0D2CFC925DB307000B49D81 /* Build configuration list for PBXProject "table" */ = {
			isa = XCConfigurationList;
			buildConfigurations = (
				F0D2CFE025DB307100B49D81 /* Debug */,
				F0D2CFE125DB307100B49D81 /* Release */,
			);
			defaultConfigurationIsVisible = 0;
			defaultConfigurationName = Release;
		};
		F0D2CFE225DB307100B49D81 /* Build configuration list for PBXNativeTarget "table" */ = {
			isa = XCConfigurationList;
			buildConfigurations = (
				F0D2CFE325DB307100B49D81 /* Debug */,
				F0D2CFE425DB307100B49D81 /* Release */,
			);
			defaultConfigurationIsVisible = 0;
			defaultConfigurationName = Release;
		};
/* End XCConfigurationList section */
	};
	rootObject = F0D2CFC625DB307000B49D81 /* Project object */;
}
