// !$*UTF8*$!
{
	archiveVersion = 1;
	classes = {
	};
	objectVersion = 50;
	objects = {

/* Begin PBXBuildFile section */
		F0A8E40425DA4C090072A690 /* AppDelegate.swift in Sources */ = {isa = PBXBuildFile; fileRef = F0A8E40325DA4C090072A690 /* AppDelegate.swift */; };
		F0A8E40625DA4C090072A690 /* SceneDelegate.swift in Sources */ = {isa = PBXBuildFile; fileRef = F0A8E40525DA4C090072A690 /* SceneDelegate.swift */; };
		F0A8E40825DA4C090072A690 /* ViewController.swift in Sources */ = {isa = PBXBuildFile; fileRef = F0A8E40725DA4C090072A690 /* ViewController.swift */; };
		F0A8E40B25DA4C090072A690 /* Main.storyboard in Resources */ = {isa = PBXBuildFile; fileRef = F0A8E40925DA4C090072A690 /* Main.storyboard */; };
		F0A8E40D25DA4C0A0072A690 /* Assets.xcassets in Resources */ = {isa = PBXBuildFile; fileRef = F0A8E40C25DA4C0A0072A690 /* Assets.xcassets */; };
		F0A8E41025DA4C0A0072A690 /* LaunchScreen.storyboard in Resources */ = {isa = PBXBuildFile; fileRef = F0A8E40E25DA4C0A0072A690 /* LaunchScreen.storyboard */; };
		F0A8E42125DA54140072A690 /* ThirdViewController.swift in Sources */ = {isa = PBXBuildFile; fileRef = F0A8E42025DA54140072A690 /* ThirdViewController.swift */; };
		F0A8E42425DA54570072A690 /* SecondViewController.swift in Sources */ = {isa = PBXBuildFile; fileRef = F0A8E42325DA54570072A690 /* SecondViewController.swift */; };
		F0A8E42725DA568B0072A690 /* calendar.png in Resources */ = {isa = PBXBuildFile; fileRef = F0A8E42625DA568B0072A690 /* calendar.png */; };
		F0A8E45725DA6AA90072A690 /* house.png in Resources */ = {isa = PBXBuildFile; fileRef = F0A8E45525DA6AA90072A690 /* house.png */; };
		F0A8E45825DA6AA90072A690 /* workplace.png in Resources */ = {isa = PBXBuildFile; fileRef = F0A8E45625DA6AA90072A690 /* workplace.png */; };
/* End PBXBuildFile section */

/* Begin PBXFileReference section */
		F0A8E40025DA4C090072A690 /* TabBar_ios_team_a.app */ = {isa = PBXFileReference; explicitFileType = wrapper.application; includeInIndex = 0; path = TabBar_ios_team_a.app; sourceTree = BUILT_PRODUCTS_DIR; };
		F0A8E40325DA4C090072A690 /* AppDelegate.swift */ = {isa = PBXFileReference; lastKnownFileType = sourcecode.swift; path = AppDelegate.swift; sourceTree = "<group>"; };
		F0A8E40525DA4C090072A690 /* SceneDelegate.swift */ = {isa = PBXFileReference; lastKnownFileType = sourcecode.swift; path = SceneDelegate.swift; sourceTree = "<group>"; };
		F0A8E40725DA4C090072A690 /* ViewController.swift */ = {isa = PBXFileReference; lastKnownFileType = sourcecode.swift; path = ViewController.swift; sourceTree = "<group>"; };
		F0A8E40A25DA4C090072A690 /* Base */ = {isa = PBXFileReference; lastKnownFileType = file.storyboard; name = Base; path = Base.lproj/Main.storyboard; sourceTree = "<group>"; };
		F0A8E40C25DA4C0A0072A690 /* Assets.xcassets */ = {isa = PBXFileReference; lastKnownFileType = folder.assetcatalog; path = Assets.xcassets; sourceTree = "<group>"; };
		F0A8E40F25DA4C0A0072A690 /* Base */ = {isa = PBXFileReference; lastKnownFileType = file.storyboard; name = Base; path = Base.lproj/LaunchScreen.storyboard; sourceTree = "<group>"; };
		F0A8E41125DA4C0A0072A690 /* Info.plist */ = {isa = PBXFileReference; lastKnownFileType = text.plist.xml; path = Info.plist; sourceTree = "<group>"; };
		F0A8E42025DA54140072A690 /* ThirdViewController.swift */ = {isa = PBXFileReference; fileEncoding = 4; lastKnownFileType = sourcecode.swift; name = ThirdViewController.swift; path = ../../../.Trash/ThirdViewController.swift; sourceTree = "<group>"; };
		F0A8E42325DA54570072A690 /* SecondViewController.swift */ = {isa = PBXFileReference; fileEncoding = 4; lastKnownFileType = sourcecode.swift; name = SecondViewController.swift; path = ../../../.Trash/SecondViewController.swift; sourceTree = "<group>"; };
		F0A8E42625DA568B0072A690 /* calendar.png */ = {isa = PBXFileReference; lastKnownFileType = image.png; name = calendar.png; path = ../../../Downloads/calendar.png; sourceTree = "<group>"; };
		F0A8E45525DA6AA90072A690 /* house.png */ = {isa = PBXFileReference; lastKnownFileType = image.png; name = house.png; path = ../../../Downloads/house.png; sourceTree = "<group>"; };
		F0A8E45625DA6AA90072A690 /* workplace.png */ = {isa = PBXFileReference; lastKnownFileType = image.png; name = workplace.png; path = ../../../Downloads/workplace.png; sourceTree = "<group>"; };
/* End PBXFileReference section */

/* Begin PBXFrameworksBuildPhase section */
		F0A8E3FD25DA4C090072A690 /* Frameworks */ = {
			isa = PBXFrameworksBuildPhase;
			buildActionMask = 2147483647;
			files = (
			);
			runOnlyForDeploymentPostprocessing = 0;
		};
/* End PBXFrameworksBuildPhase section */

/* Begin PBXGroup section */
		F0A8E3F725DA4C090072A690 = {
			isa = PBXGroup;
			children = (
				F0A8E40225DA4C090072A690 /* TabBar_ios_team_a */,
				F0A8E40125DA4C090072A690 /* Products */,
			);
			sourceTree = "<group>";
		};
		F0A8E40125DA4C090072A690 /* Products */ = {
			isa = PBXGroup;
			children = (
				F0A8E40025DA4C090072A690 /* TabBar_ios_team_a.app */,
			);
			name = Products;
			sourceTree = "<group>";
		};
		F0A8E40225DA4C090072A690 /* TabBar_ios_team_a */ = {
			isa = PBXGroup;
			children = (
				F0A8E42625DA568B0072A690 /* calendar.png */,
				F0A8E45525DA6AA90072A690 /* house.png */,
				F0A8E45625DA6AA90072A690 /* workplace.png */,
				F0A8E40325DA4C090072A690 /* AppDelegate.swift */,
				F0A8E42325DA54570072A690 /* SecondViewController.swift */,
				F0A8E40525DA4C090072A690 /* SceneDelegate.swift */,
				F0A8E42025DA54140072A690 /* ThirdViewController.swift */,
				F0A8E40725DA4C090072A690 /* ViewController.swift */,
				F0A8E40925DA4C090072A690 /* Main.storyboard */,
				F0A8E40C25DA4C0A0072A690 /* Assets.xcassets */,
				F0A8E40E25DA4C0A0072A690 /* LaunchScreen.storyboard */,
				F0A8E41125DA4C0A0072A690 /* Info.plist */,
			);
			path = TabBar_ios_team_a;
			sourceTree = "<group>";
		};
/* End PBXGroup section */

/* Begin PBXNativeTarget section */
		F0A8E3FF25DA4C090072A690 /* TabBar_ios_team_a */ = {
			isa = PBXNativeTarget;
			buildConfigurationList = F0A8E41425DA4C0A0072A690 /* Build configuration list for PBXNativeTarget "TabBar_ios_team_a" */;
			buildPhases = (
				F0A8E3FC25DA4C090072A690 /* Sources */,
				F0A8E3FD25DA4C090072A690 /* Frameworks */,
				F0A8E3FE25DA4C090072A690 /* Resources */,
			);
			buildRules = (
			);
			dependencies = (
			);
			name = TabBar_ios_team_a;
			productName = TabBar_ios_team_a;
			productReference = F0A8E40025DA4C090072A690 /* TabBar_ios_team_a.app */;
			productType = "com.apple.product-type.application";
		};
/* End PBXNativeTarget section */

/* Begin PBXProject section */
		F0A8E3F825DA4C090072A690 /* Project object */ = {
			isa = PBXProject;
			attributes = {
				LastSwiftUpdateCheck = 1240;
				LastUpgradeCheck = 1240;
				TargetAttributes = {
					F0A8E3FF25DA4C090072A690 = {
						CreatedOnToolsVersion = 12.4;
					};
				};
			};
			buildConfigurationList = F0A8E3FB25DA4C090072A690 /* Build configuration list for PBXProject "TabBar_ios_team_a" */;
			compatibilityVersion = "Xcode 9.3";
			developmentRegion = en;
			hasScannedForEncodings = 0;
			knownRegions = (
				en,
				Base,
			);
			mainGroup = F0A8E3F725DA4C090072A690;
			productRefGroup = F0A8E40125DA4C090072A690 /* Products */;
			projectDirPath = "";
			projectRoot = "";
			targets = (
				F0A8E3FF25DA4C090072A690 /* TabBar_ios_team_a */,
			);
		};
/* End PBXProject section */

/* Begin PBXResourcesBuildPhase section */
		F0A8E3FE25DA4C090072A690 /* Resources */ = {
			isa = PBXResourcesBuildPhase;
			buildActionMask = 2147483647;
			files = (
				F0A8E45825DA6AA90072A690 /* workplace.png in Resources */,
				F0A8E41025DA4C0A0072A690 /* LaunchScreen.storyboard in Resources */,
				F0A8E42725DA568B0072A690 /* calendar.png in Resources */,
				F0A8E45725DA6AA90072A690 /* house.png in Resources */,
				F0A8E40D25DA4C0A0072A690 /* Assets.xcassets in Resources */,
				F0A8E40B25DA4C090072A690 /* Main.storyboard in Resources */,
			);
			runOnlyForDeploymentPostprocessing = 0;
		};
/* End PBXResourcesBuildPhase section */

/* Begin PBXSourcesBuildPhase section */
		F0A8E3FC25DA4C090072A690 /* Sources */ = {
			isa = PBXSourcesBuildPhase;
			buildActionMask = 2147483647;
			files = (
				F0A8E40825DA4C090072A690 /* ViewController.swift in Sources */,
				F0A8E40425DA4C090072A690 /* AppDelegate.swift in Sources */,
				F0A8E42125DA54140072A690 /* ThirdViewController.swift in Sources */,
				F0A8E42425DA54570072A690 /* SecondViewController.swift in Sources */,
				F0A8E40625DA4C090072A690 /* SceneDelegate.swift in Sources */,
			);
			runOnlyForDeploymentPostprocessing = 0;
		};
/* End PBXSourcesBuildPhase section */

/* Begin PBXVariantGroup section */
		F0A8E40925DA4C090072A690 /* Main.storyboard */ = {
			isa = PBXVariantGroup;
			children = (
				F0A8E40A25DA4C090072A690 /* Base */,
			);
			name = Main.storyboard;
			sourceTree = "<group>";
		};
		F0A8E40E25DA4C0A0072A690 /* LaunchScreen.storyboard */ = {
			isa = PBXVariantGroup;
			children = (
				F0A8E40F25DA4C0A0072A690 /* Base */,
			);
			name = LaunchScreen.storyboard;
			sourceTree = "<group>";
		};
/* End PBXVariantGroup section */

/* Begin XCBuildConfiguration section */
		F0A8E41225DA4C0A0072A690 /* Debug */ = {
			isa = XCBuildConfiguration;
			buildSettings = {
				ALWAYS_SEARCH_USER_PATHS = NO;
				CLANG_ANALYZER_NONNULL = YES;
				CLANG_ANALYZER_NUMBER_OBJECT_CONVERSION = YES_AGGRESSIVE;
				CLANG_CXX_LANGUAGE_STANDARD = "gnu++14";
				CLANG_CXX_LIBRARY = "libc++";
				CLANG_ENABLE_MODULES = YES;
				CLANG_ENABLE_OBJC_ARC = YES;
				CLANG_ENABLE_OBJC_WEAK = YES;
				CLANG_WARN_BLOCK_CAPTURE_AUTORELEASING = YES;
				CLANG_WARN_BOOL_CONVERSION = YES;
				CLANG_WARN_COMMA = YES;
				CLANG_WARN_CONSTANT_CONVERSION = YES;
				CLANG_WARN_DEPRECATED_OBJC_IMPLEMENTATIONS = YES;
				CLANG_WARN_DIRECT_OBJC_ISA_USAGE = YES_ERROR;
				CLANG_WARN_DOCUMENTATION_COMMENTS = YES;
				CLANG_WARN_EMPTY_BODY = YES;
				CLANG_WARN_ENUM_CONVERSION = YES;
				CLANG_WARN_INFINITE_RECURSION = YES;
				CLANG_WARN_INT_CONVERSION = YES;
				CLANG_WARN_NON_LITERAL_NULL_CONVERSION = YES;
				CLANG_WARN_OBJC_IMPLICIT_RETAIN_SELF = YES;
				CLANG_WARN_OBJC_LITERAL_CONVERSION = YES;
				CLANG_WARN_OBJC_ROOT_CLASS = YES_ERROR;
				CLANG_WARN_QUOTED_INCLUDE_IN_FRAMEWORK_HEADER = YES;
				CLANG_WARN_RANGE_LOOP_ANALYSIS = YES;
				CLANG_WARN_STRICT_PROTOTYPES = YES;
				CLANG_WARN_SUSPICIOUS_MOVE = YES;
				CLANG_WARN_UNGUARDED_AVAILABILITY = YES_AGGRESSIVE;
				CLANG_WARN_UNREACHABLE_CODE = YES;
				CLANG_WARN__DUPLICATE_METHOD_MATCH = YES;
				COPY_PHASE_STRIP = NO;
				DEBUG_INFORMATION_FORMAT = dwarf;
				ENABLE_STRICT_OBJC_MSGSEND = YES;
				ENABLE_TESTABILITY = YES;
				GCC_C_LANGUAGE_STANDARD = gnu11;
				GCC_DYNAMIC_NO_PIC = NO;
				GCC_NO_COMMON_BLOCKS = YES;
				GCC_OPTIMIZATION_LEVEL = 0;
				GCC_PREPROCESSOR_DEFINITIONS = (
					"DEBUG=1",
					"$(inherited)",
				);
				GCC_WARN_64_TO_32_BIT_CONVERSION = YES;
				GCC_WARN_ABOUT_RETURN_TYPE = YES_ERROR;
				GCC_WARN_UNDECLARED_SELECTOR = YES;
				GCC_WARN_UNINITIALIZED_AUTOS = YES_AGGRESSIVE;
				GCC_WARN_UNUSED_FUNCTION = YES;
				GCC_WARN_UNUSED_VARIABLE = YES;
				IPHONEOS_DEPLOYMENT_TARGET = 14.4;
				MTL_ENABLE_DEBUG_INFO = INCLUDE_SOURCE;
				MTL_FAST_MATH = YES;
				ONLY_ACTIVE_ARCH = YES;
				SDKROOT = iphoneos;
				SWIFT_ACTIVE_COMPILATION_CONDITIONS = DEBUG;
				SWIFT_OPTIMIZATION_LEVEL = "-Onone";
			};
			name = Debug;
		};
		F0A8E41325DA4C0A0072A690 /* Release */ = {
			isa = XCBuildConfiguration;
			buildSettings = {
				ALWAYS_SEARCH_USER_PATHS = NO;
				CLANG_ANALYZER_NONNULL = YES;
				CLANG_ANALYZER_NUMBER_OBJECT_CONVERSION = YES_AGGRESSIVE;
				CLANG_CXX_LANGUAGE_STANDARD = "gnu++14";
				CLANG_CXX_LIBRARY = "libc++";
				CLANG_ENABLE_MODULES = YES;
				CLANG_ENABLE_OBJC_ARC = YES;
				CLANG_ENABLE_OBJC_WEAK = YES;
				CLANG_WARN_BLOCK_CAPTURE_AUTORELEASING = YES;
				CLANG_WARN_BOOL_CONVERSION = YES;
				CLANG_WARN_COMMA = YES;
				CLANG_WARN_CONSTANT_CONVERSION = YES;
				CLANG_WARN_DEPRECATED_OBJC_IMPLEMENTATIONS = YES;
				CLANG_WARN_DIRECT_OBJC_ISA_USAGE = YES_ERROR;
				CLANG_WARN_DOCUMENTATION_COMMENTS = YES;
				CLANG_WARN_EMPTY_BODY = YES;
				CLANG_WARN_ENUM_CONVERSION = YES;
				CLANG_WARN_INFINITE_RECURSION = YES;
				CLANG_WARN_INT_CONVERSION = YES;
				CLANG_WARN_NON_LITERAL_NULL_CONVERSION = YES;
				CLANG_WARN_OBJC_IMPLICIT_RETAIN_SELF = YES;
				CLANG_WARN_OBJC_LITERAL_CONVERSION = YES;
				CLANG_WARN_OBJC_ROOT_CLASS = YES_ERROR;
				CLANG_WARN_QUOTED_INCLUDE_IN_FRAMEWORK_HEADER = YES;
				CLANG_WARN_RANGE_LOOP_ANALYSIS = YES;
				CLANG_WARN_STRICT_PROTOTYPES = YES;
				CLANG_WARN_SUSPICIOUS_MOVE = YES;
				CLANG_WARN_UNGUARDED_AVAILABILITY = YES_AGGRESSIVE;
				CLANG_WARN_UNREACHABLE_CODE = YES;
				CLANG_WARN__DUPLICATE_METHOD_MATCH = YES;
				COPY_PHASE_STRIP = NO;
				DEBUG_INFORMATION_FORMAT = "dwarf-with-dsym";
				ENABLE_NS_ASSERTIONS = NO;
				ENABLE_STRICT_OBJC_MSGSEND = YES;
				GCC_C_LANGUAGE_STANDARD = gnu11;
				GCC_NO_COMMON_BLOCKS = YES;
				GCC_WARN_64_TO_32_BIT_CONVERSION = YES;
				GCC_WARN_ABOUT_RETURN_TYPE = YES_ERROR;
				GCC_WARN_UNDECLARED_SELECTOR = YES;
				GCC_WARN_UNINITIALIZED_AUTOS = YES_AGGRESSIVE;
				GCC_WARN_UNUSED_FUNCTION = YES;
				GCC_WARN_UNUSED_VARIABLE = YES;
				IPHONEOS_DEPLOYMENT_TARGET = 14.4;
				MTL_ENABLE_DEBUG_INFO = NO;
				MTL_FAST_MATH = YES;
				SDKROOT = iphoneos;
				SWIFT_COMPILATION_MODE = wholemodule;
				SWIFT_OPTIMIZATION_LEVEL = "-O";
				VALIDATE_PRODUCT = YES;
			};
			name = Release;
		};
		F0A8E41525DA4C0A0072A690 /* Debug */ = {
			isa = XCBuildConfiguration;
			buildSettings = {
				ASSETCATALOG_COMPILER_APPICON_NAME = AppIcon;
				ASSETCATALOG_COMPILER_GLOBAL_ACCENT_COLOR_NAME = AccentColor;
				CODE_SIGN_STYLE = Automatic;
				DEVELOPMENT_TEAM = T4TNR43VN6;
				INFOPLIST_FILE = TabBar_ios_team_a/Info.plist;
				LD_RUNPATH_SEARCH_PATHS = (
					"$(inherited)",
					"@executable_path/Frameworks",
				);
				PRODUCT_BUNDLE_IDENTIFIER = "yejin0928.TabBar-ios-team-a";
				PRODUCT_NAME = "$(TARGET_NAME)";
				SWIFT_VERSION = 5.0;
				TARGETED_DEVICE_FAMILY = "1,2";
			};
			name = Debug;
		};
		F0A8E41625DA4C0A0072A690 /* Release */ = {
			isa = XCBuildConfiguration;
			buildSettings = {
				ASSETCATALOG_COMPILER_APPICON_NAME = AppIcon;
				ASSETCATALOG_COMPILER_GLOBAL_ACCENT_COLOR_NAME = AccentColor;
				CODE_SIGN_STYLE = Automatic;
				DEVELOPMENT_TEAM = T4TNR43VN6;
				INFOPLIST_FILE = TabBar_ios_team_a/Info.plist;
				LD_RUNPATH_SEARCH_PATHS = (
					"$(inherited)",
					"@executable_path/Frameworks",
				);
				PRODUCT_BUNDLE_IDENTIFIER = "yejin0928.TabBar-ios-team-a";
				PRODUCT_NAME = "$(TARGET_NAME)";
				SWIFT_VERSION = 5.0;
				TARGETED_DEVICE_FAMILY = "1,2";
			};
			name = Release;
		};
/* End XCBuildConfiguration section */

/* Begin XCConfigurationList section */
		F0A8E3FB25DA4C090072A690 /* Build configuration list for PBXProject "TabBar_ios_team_a" */ = {
			isa = XCConfigurationList;
			buildConfigurations = (
				F0A8E41225DA4C0A0072A690 /* Debug */,
				F0A8E41325DA4C0A0072A690 /* Release */,
			);
			defaultConfigurationIsVisible = 0;
			defaultConfigurationName = Release;
		};
		F0A8E41425DA4C0A0072A690 /* Build configuration list for PBXNativeTarget "TabBar_ios_team_a" */ = {
			isa = XCConfigurationList;
			buildConfigurations = (
				F0A8E41525DA4C0A0072A690 /* Debug */,
				F0A8E41625DA4C0A0072A690 /* Release */,
			);
			defaultConfigurationIsVisible = 0;
			defaultConfigurationName = Release;
		};
/* End XCConfigurationList section */
	};
	rootObject = F0A8E3F825DA4C090072A690 /* Project object */;
}
